
Microsoft Visual Studio Solution File, Format Version 12.00
# Visual Studio 14
VisualStudioVersion = 14.0.25123.0
MinimumVisualStudioVersion = 10.0.40219.1
Project("{2150E333-8FDC-42A3-9474-1A3956D46DE8}") = "Build", "Build", "{E8DE16A7-B644-4151-8E14-1DC00EBC3AFA}"
	ProjectSection(SolutionItems) = preProject
		..\build.fsx = ..\build.fsx
	EndProjectSection
EndProject
Project("{FAE04EC0-301F-11D3-BF4B-00C04F79EFBC}") = "Akka.DI.StructureMap", "Akka.DI.StructureMap\Akka.DI.StructureMap.csproj", "{34E5B4E5-0ED0-4A27-B53A-BFD812D45E1E}"
EndProject
Project("{FAE04EC0-301F-11D3-BF4B-00C04F79EFBC}") = "Akka.DI.StructureMap.Tests", "Akka.DI.StructureMap.Tests\Akka.DI.StructureMap.Tests.csproj", "{11BBB673-7B83-42F3-83FF-CEFD377590EE}"
EndProject
Global
	GlobalSection(SolutionConfigurationPlatforms) = preSolution
		Debug|Any CPU = Debug|Any CPU
		Release|Any CPU = Release|Any CPU
	EndGlobalSection
	GlobalSection(ProjectConfigurationPlatforms) = postSolution
		{34E5B4E5-0ED0-4A27-B53A-BFD812D45E1E}.Debug|Any CPU.ActiveCfg = Debug|Any CPU
		{34E5B4E5-0ED0-4A27-B53A-BFD812D45E1E}.Debug|Any CPU.Build.0 = Debug|Any CPU
		{34E5B4E5-0ED0-4A27-B53A-BFD812D45E1E}.Release|Any CPU.ActiveCfg = Release|Any CPU
		{34E5B4E5-0ED0-4A27-B53A-BFD812D45E1E}.Release|Any CPU.Build.0 = Release|Any CPU
		{11BBB673-7B83-42F3-83FF-CEFD377590EE}.Debug|Any CPU.ActiveCfg = Debug|Any CPU
		{11BBB673-7B83-42F3-83FF-CEFD377590EE}.Debug|Any CPU.Build.0 = Debug|Any CPU
		{11BBB673-7B83-42F3-83FF-CEFD377590EE}.Release|Any CPU.ActiveCfg = Release|Any CPU
		{11BBB673-7B83-42F3-83FF-CEFD377590EE}.Release|Any CPU.Build.0 = Release|Any CPU
	EndGlobalSection
	GlobalSection(SolutionProperties) = preSolution
		HideSolutionNode = FALSE
	EndGlobalSection
EndGlobal
